
Microsoft Visual Studio Solution File, Format Version 12.00
# Visual Studio 2012
Project("{FAE04EC0-301F-11D3-BF4B-00C04F79EFBC}") = "TestService", "TestService\TestService.csproj", "{FD635B0D-E022-4A03-9748-C73C7A5440A3}"
EndProject
Project("{FAE04EC0-301F-11D3-BF4B-00C04F79EFBC}") = "TestServiceHost", "TestServiceHost\TestServiceHost.csproj", "{3375C8EF-8392-48F9-8751-18C8B4E3BD81}"
EndProject
Global
	GlobalSection(SolutionConfigurationPlatforms) = preSolution
		Debug|Any CPU = Debug|Any CPU
		Release|Any CPU = Release|Any CPU
	EndGlobalSection
	GlobalSection(ProjectConfigurationPlatforms) = postSolution
		{FD635B0D-E022-4A03-9748-C73C7A5440A3}.Debug|Any CPU.ActiveCfg = Debug|Any CPU
		{FD635B0D-E022-4A03-9748-C73C7A5440A3}.Debug|Any CPU.Build.0 = Debug|Any CPU
		{FD635B0D-E022-4A03-9748-C73C7A5440A3}.Release|Any CPU.ActiveCfg = Release|Any CPU
		{FD635B0D-E022-4A03-9748-C73C7A5440A3}.Release|Any CPU.Build.0 = Release|Any CPU
		{3375C8EF-8392-48F9-8751-18C8B4E3BD81}.Debug|Any CPU.ActiveCfg = Debug|Any CPU
		{3375C8EF-8392-48F9-8751-18C8B4E3BD81}.Debug|Any CPU.Build.0 = Debug|Any CPU
		{3375C8EF-8392-48F9-8751-18C8B4E3BD81}.Release|Any CPU.ActiveCfg = Release|Any CPU
		{3375C8EF-8392-48F9-8751-18C8B4E3BD81}.Release|Any CPU.Build.0 = Release|Any CPU
	EndGlobalSection
	GlobalSection(SolutionProperties) = preSolution
		HideSolutionNode = FALSE
	EndGlobalSection
EndGlobal
